
Microsoft Visual Studio Solution File, Format Version 12.00
# Visual Studio 15
VisualStudioVersion = 15.0.28307.1231
MinimumVisualStudioVersion = 10.0.40219.1
Project("{FAE04EC0-301F-11D3-BF4B-00C04F79EFBC}") = "checkTSV", "checkTSV.csproj", "{BF73FA87-38AA-4B71-8BE8-A45D227E0241}"
EndProject
Global
	GlobalSection(SolutionConfigurationPlatforms) = preSolution
		Debug|Any CPU = Debug|Any CPU
		Release|Any CPU = Release|Any CPU
	EndGlobalSection
	GlobalSection(ProjectConfigurationPlatforms) = postSolution
		{BF73FA87-38AA-4B71-8BE8-A45D227E0241}.Debug|Any CPU.ActiveCfg = Debug|Any CPU
		{BF73FA87-38AA-4B71-8BE8-A45D227E0241}.Debug|Any CPU.Build.0 = Debug|Any CPU
		{BF73FA87-38AA-4B71-8BE8-A45D227E0241}.Release|Any CPU.ActiveCfg = Release|Any CPU
		{BF73FA87-38AA-4B71-8BE8-A45D227E0241}.Release|Any CPU.Build.0 = Release|Any CPU
	EndGlobalSection
	GlobalSection(SolutionProperties) = preSolution
		HideSolutionNode = FALSE
	EndGlobalSection
	GlobalSection(ExtensibilityGlobals) = postSolution
		SolutionGuid = {7000356B-0BC6-4C3F-8B79-6703BFFE5EE0}
	EndGlobalSection
EndGlobal
